
Microsoft Visual Studio Solution File, Format Version 12.00
# Visual Studio Version 17
VisualStudioVersion = 17.10.35004.147
MinimumVisualStudioVersion = 10.0.40219.1
Project("{888888A0-9F3D-457C-B088-3A5042F75D52}") = "I.O basic and variables", "I.O basic and variables\I.O basic and variables.pyproj", "{98128029-C97D-4E1F-9915-E61697B80F62}"
EndProject
Global
	GlobalSection(SolutionConfigurationPlatforms) = preSolution
		Debug|Any CPU = Debug|Any CPU
		Release|Any CPU = Release|Any CPU
	EndGlobalSection
	GlobalSection(ProjectConfigurationPlatforms) = postSolution
		{98128029-C97D-4E1F-9915-E61697B80F62}.Debug|Any CPU.ActiveCfg = Debug|Any CPU
		{98128029-C97D-4E1F-9915-E61697B80F62}.Release|Any CPU.ActiveCfg = Release|Any CPU
	EndGlobalSection
	GlobalSection(SolutionProperties) = preSolution
		HideSolutionNode = FALSE
	EndGlobalSection
	GlobalSection(ExtensibilityGlobals) = postSolution
		SolutionGuid = {377A17F4-4327-40E5-91AE-C1E41514C83A}
	EndGlobalSection
EndGlobal
