
Microsoft Visual Studio Solution File, Format Version 12.00
# Visual Studio Version 17
VisualStudioVersion = 17.10.35004.147
MinimumVisualStudioVersion = 10.0.40219.1
Project("{888888A0-9F3D-457C-B088-3A5042F75D52}") = "Задание №2", "Задание №2.pyproj", "{18389E29-63DE-4FD4-97CB-0945D4EC2C48}"
EndProject
Global
	GlobalSection(SolutionConfigurationPlatforms) = preSolution
		Debug|Any CPU = Debug|Any CPU
		Release|Any CPU = Release|Any CPU
	EndGlobalSection
	GlobalSection(ProjectConfigurationPlatforms) = postSolution
		{18389E29-63DE-4FD4-97CB-0945D4EC2C48}.Debug|Any CPU.ActiveCfg = Debug|Any CPU
		{18389E29-63DE-4FD4-97CB-0945D4EC2C48}.Release|Any CPU.ActiveCfg = Release|Any CPU
	EndGlobalSection
	GlobalSection(SolutionProperties) = preSolution
		HideSolutionNode = FALSE
	EndGlobalSection
	GlobalSection(ExtensibilityGlobals) = postSolution
		SolutionGuid = {8946256C-1198-4294-8D0A-8AD989EFF77C}
	EndGlobalSection
EndGlobal
