
Microsoft Visual Studio Solution File, Format Version 12.00
# Visual Studio Version 17
VisualStudioVersion = 17.10.35004.147
MinimumVisualStudioVersion = 10.0.40219.1
Project("{888888A0-9F3D-457C-B088-3A5042F75D52}") = "Задание №3", "Задание №3.pyproj", "{3A18F792-3202-4407-A0B6-C27FFE562FF3}"
EndProject
Global
	GlobalSection(SolutionConfigurationPlatforms) = preSolution
		Debug|Any CPU = Debug|Any CPU
		Release|Any CPU = Release|Any CPU
	EndGlobalSection
	GlobalSection(ProjectConfigurationPlatforms) = postSolution
		{3A18F792-3202-4407-A0B6-C27FFE562FF3}.Debug|Any CPU.ActiveCfg = Debug|Any CPU
		{3A18F792-3202-4407-A0B6-C27FFE562FF3}.Release|Any CPU.ActiveCfg = Release|Any CPU
	EndGlobalSection
	GlobalSection(SolutionProperties) = preSolution
		HideSolutionNode = FALSE
	EndGlobalSection
	GlobalSection(ExtensibilityGlobals) = postSolution
		SolutionGuid = {D9C2573D-C40D-4187-9BD4-3F8179F434A2}
	EndGlobalSection
EndGlobal
