
Microsoft Visual Studio Solution File, Format Version 12.00
# Visual Studio Version 17
VisualStudioVersion = 17.10.35004.147
MinimumVisualStudioVersion = 10.0.40219.1
Project("{888888A0-9F3D-457C-B088-3A5042F75D52}") = "Задание №3", "Задание №3.pyproj", "{758790B0-ABDA-46DF-9BC0-966C3AF50E13}"
EndProject
Global
	GlobalSection(SolutionConfigurationPlatforms) = preSolution
		Debug|Any CPU = Debug|Any CPU
		Release|Any CPU = Release|Any CPU
	EndGlobalSection
	GlobalSection(ProjectConfigurationPlatforms) = postSolution
		{758790B0-ABDA-46DF-9BC0-966C3AF50E13}.Debug|Any CPU.ActiveCfg = Debug|Any CPU
		{758790B0-ABDA-46DF-9BC0-966C3AF50E13}.Release|Any CPU.ActiveCfg = Release|Any CPU
	EndGlobalSection
	GlobalSection(SolutionProperties) = preSolution
		HideSolutionNode = FALSE
	EndGlobalSection
	GlobalSection(ExtensibilityGlobals) = postSolution
		SolutionGuid = {E82AF67F-A462-4D5E-B4D0-1AED88A719EF}
	EndGlobalSection
EndGlobal
